github.com/go-chi/chi v4.1.2+incompatible h1:fGFk2Gmi/YKXk0OmGfBh0WgmN3XB8lVnEyNz34tQRec=
github.com/go-chi/chi v4.1.2+incompatible/go.mod h1:eB3wogJHnLi3x/kFX2A+IbTBlXxmMeXJVKy9tTv1XzQ=
github.com/go-chi/render v1.0.1 h1:4/5tis2cKaNdnv9zFLfXzcquC9HbeZgCnxGnKrltBS8=
github.com/go-chi/render v1.0.1/go.mod h1:pq4Rr7HbnsdaeHagklXub+p6Wd16Af5l9koip1OvJns=
github.com/jinzhu/inflection v1.0.0 h1:K317FqzuhWc8YvSVlFMCCUb36O/S9MCKRDI7QkRKD/E=
github.com/jinzhu/inflection v1.0.0/go.mod h1:h+uFLlag+Qp1Va5pdKtLDYj+kHp5pxUVkryuEj+Srlc=
github.com/jinzhu/now v1.1.1 h1:g39TucaRWyV3dwDO++eEc6qf8TVIQ/Da48WmqjZ3i7E=
github.com/jinzhu/now v1.1.1/go.mod h1:d3SSVoowX0Lcu0IBviAWJpolVfI5UJVZZ7cO71lE/z8=
github.com/joho/godotenv v1.3.0 h1:Zjp+RcGpHhGlrMbJzXTrZZPrWj+1vfm90La1wgB6Bhc=
github.com/joho/godotenv v1.3.0/go.mod h1:7hK45KPybAkOC6peb+G5yklZfMxEjkZhHbwpqxOKXbg=
github.com/lafin/http v0.0.2 h1:u/o6zWaS/rjntIjfcCDD6ZKqHoOjUeFD69mpNegywnY=
github.com/lafin/http v0.0.2/go.mod h1:jUx111RugC4JlfCQLzHtmBYr0QKOTHrbH43X/O0y+mw=
gitlab.com/opennota/screengen v0.0.0-20191122132138-74a8d677a1a5 h1:Ne2t4aWWPqzcLcDBQRHCn8pgOl3+z9yXDFK4XgNXts0=
gitlab.com/opennota/screengen v0.0.0-20191122132138-74a8d677a1a5/go.mod h1:4kED4yriw2zslwYmXFCa5qCvEKwleBA7l5OE+d94NTU=
gorm.io/gorm v1.20.9 h1:M3aIZKXAC1PtPVu9t3WGwkBTE1le5c2telz3I/qjRNg=
gorm.io/gorm v1.20.9/go.mod h1:0HFTzE/SqkGTzK6TlDPPQbAYCluiVvhzoA1+aVyzenw=
